
Microsoft Visual Studio Solution File, Format Version 12.00
# Visual Studio Version 17
VisualStudioVersion = 17.4.33213.308
MinimumVisualStudioVersion = 10.0.40219.1
Project("{FAE04EC0-301F-11D3-BF4B-00C04F79EFBC}") = "aula15.1", "aula15.1\aula15.1.csproj", "{173DA70E-737D-46DB-8F2F-C3C580778EF1}"
EndProject
Global
	GlobalSection(SolutionConfigurationPlatforms) = preSolution
		Debug|Any CPU = Debug|Any CPU
		Release|Any CPU = Release|Any CPU
	EndGlobalSection
	GlobalSection(ProjectConfigurationPlatforms) = postSolution
		{173DA70E-737D-46DB-8F2F-C3C580778EF1}.Debug|Any CPU.ActiveCfg = Debug|Any CPU
		{173DA70E-737D-46DB-8F2F-C3C580778EF1}.Debug|Any CPU.Build.0 = Debug|Any CPU
		{173DA70E-737D-46DB-8F2F-C3C580778EF1}.Release|Any CPU.ActiveCfg = Release|Any CPU
		{173DA70E-737D-46DB-8F2F-C3C580778EF1}.Release|Any CPU.Build.0 = Release|Any CPU
	EndGlobalSection
	GlobalSection(SolutionProperties) = preSolution
		HideSolutionNode = FALSE
	EndGlobalSection
	GlobalSection(ExtensibilityGlobals) = postSolution
		SolutionGuid = {6F7563BF-3BF9-43E5-9DEB-012245151B87}
	EndGlobalSection
EndGlobal
